
Microsoft Visual Studio Solution File, Format Version 12.00
# Visual Studio Version 17
VisualStudioVersion = 17.8.34316.72
MinimumVisualStudioVersion = 10.0.40219.1
Project("{9A19103F-16F7-4668-BE54-9A1E7A4F7556}") = "eShopSolution.WebApp", "eShopSolution.app\eShopSolution.WebApp.csproj", "{91A65DE1-BD46-4135-9AEA-9EFEE3D0D720}"
EndProject
Project("{2150E333-8FDC-42A3-9474-1A3956D46DE8}") = "Solution Items", "Solution Items", "{A69F5881-2192-490F-86C4-B4E9E59712CD}"
	ProjectSection(SolutionItems) = preProject
		README.md = README.md
	EndProjectSection
EndProject
Project("{9A19103F-16F7-4668-BE54-9A1E7A4F7556}") = "eShopSolution.Data", "eShopSolution.Data\eShopSolution.Data.csproj", "{8170152F-DD16-4422-95C0-7A4C6734E578}"
EndProject
Project("{9A19103F-16F7-4668-BE54-9A1E7A4F7556}") = "eShopSolution.Application", "eShopSolution.Application\eShopSolution.Application.csproj", "{00CBAC8F-15DE-4C56-8E0D-DA76D939F65A}"
EndProject
Project("{FAE04EC0-301F-11D3-BF4B-00C04F79EFBC}") = "eShopSolution.Utilities", "eShopSolution.Utilities\eShopSolution.Utilities.csproj", "{24C7D1C7-7DA4-45BA-B5B9-85146E84125F}"
EndProject
Global
	GlobalSection(SolutionConfigurationPlatforms) = preSolution
		Debug|Any CPU = Debug|Any CPU
		Release|Any CPU = Release|Any CPU
	EndGlobalSection
	GlobalSection(ProjectConfigurationPlatforms) = postSolution
		{91A65DE1-BD46-4135-9AEA-9EFEE3D0D720}.Debug|Any CPU.ActiveCfg = Debug|Any CPU
		{91A65DE1-BD46-4135-9AEA-9EFEE3D0D720}.Debug|Any CPU.Build.0 = Debug|Any CPU
		{91A65DE1-BD46-4135-9AEA-9EFEE3D0D720}.Release|Any CPU.ActiveCfg = Release|Any CPU
		{91A65DE1-BD46-4135-9AEA-9EFEE3D0D720}.Release|Any CPU.Build.0 = Release|Any CPU
		{8170152F-DD16-4422-95C0-7A4C6734E578}.Debug|Any CPU.ActiveCfg = Debug|Any CPU
		{8170152F-DD16-4422-95C0-7A4C6734E578}.Debug|Any CPU.Build.0 = Debug|Any CPU
		{8170152F-DD16-4422-95C0-7A4C6734E578}.Release|Any CPU.ActiveCfg = Release|Any CPU
		{8170152F-DD16-4422-95C0-7A4C6734E578}.Release|Any CPU.Build.0 = Release|Any CPU
		{00CBAC8F-15DE-4C56-8E0D-DA76D939F65A}.Debug|Any CPU.ActiveCfg = Debug|Any CPU
		{00CBAC8F-15DE-4C56-8E0D-DA76D939F65A}.Debug|Any CPU.Build.0 = Debug|Any CPU
		{00CBAC8F-15DE-4C56-8E0D-DA76D939F65A}.Release|Any CPU.ActiveCfg = Release|Any CPU
		{00CBAC8F-15DE-4C56-8E0D-DA76D939F65A}.Release|Any CPU.Build.0 = Release|Any CPU
		{24C7D1C7-7DA4-45BA-B5B9-85146E84125F}.Debug|Any CPU.ActiveCfg = Debug|Any CPU
		{24C7D1C7-7DA4-45BA-B5B9-85146E84125F}.Debug|Any CPU.Build.0 = Debug|Any CPU
		{24C7D1C7-7DA4-45BA-B5B9-85146E84125F}.Release|Any CPU.ActiveCfg = Release|Any CPU
		{24C7D1C7-7DA4-45BA-B5B9-85146E84125F}.Release|Any CPU.Build.0 = Release|Any CPU
	EndGlobalSection
	GlobalSection(SolutionProperties) = preSolution
		HideSolutionNode = FALSE
	EndGlobalSection
	GlobalSection(ExtensibilityGlobals) = postSolution
		SolutionGuid = {C9ABD41C-F8EC-4195-B441-5425929E7468}
	EndGlobalSection
EndGlobal
